// !$*UTF8*$!
{
	archiveVersion = 1;
	classes = {
	};
	objectVersion = 56;
	objects = {

/* Begin PBXBuildFile section */
		333B0CF52913A35A0039F63E /* ToDoApp.swift in Sources */ = {isa = PBXBuildFile; fileRef = 333B0CF42913A35A0039F63E /* ToDoApp.swift */; };
		333B0CF72913A35A0039F63E /* ContentView.swift in Sources */ = {isa = PBXBuildFile; fileRef = 333B0CF62913A35A0039F63E /* ContentView.swift */; };
		333B0CF92913A35B0039F63E /* Assets.xcassets in Resources */ = {isa = PBXBuildFile; fileRef = 333B0CF82913A35B0039F63E /* Assets.xcassets */; };
		333B0CFC2913A35B0039F63E /* Preview Assets.xcassets in Resources */ = {isa = PBXBuildFile; fileRef = 333B0CFB2913A35B0039F63E /* Preview Assets.xcassets */; };
		333B0CFE2913A35B0039F63E /* Persistence.swift in Sources */ = {isa = PBXBuildFile; fileRef = 333B0CFD2913A35B0039F63E /* Persistence.swift */; };
		333B0D012913A35B0039F63E /* ToDo.xcdatamodeld in Sources */ = {isa = PBXBuildFile; fileRef = 333B0CFF2913A35B0039F63E /* ToDo.xcdatamodeld */; };
		333B0D0C2913A35B0039F63E /* ToDoTests.swift in Sources */ = {isa = PBXBuildFile; fileRef = 333B0D0B2913A35B0039F63E /* ToDoTests.swift */; };
		333B0D162913A35B0039F63E /* ToDoUITests.swift in Sources */ = {isa = PBXBuildFile; fileRef = 333B0D152913A35B0039F63E /* ToDoUITests.swift */; };
		333B0D182913A35B0039F63E /* ToDoUITestsLaunchTests.swift in Sources */ = {isa = PBXBuildFile; fileRef = 333B0D172913A35B0039F63E /* ToDoUITestsLaunchTests.swift */; };
		333B0D252913A39D0039F63E /* Home.swift in Sources */ = {isa = PBXBuildFile; fileRef = 333B0D242913A39D0039F63E /* Home.swift */; };
		333B0D282913B64E0039F63E /* ToDoList.swift in Sources */ = {isa = PBXBuildFile; fileRef = 333B0D272913B64E0039F63E /* ToDoList.swift */; };
		333B0D3D291402300039F63E /* AddItem.swift in Sources */ = {isa = PBXBuildFile; fileRef = 333B0D3C291402300039F63E /* AddItem.swift */; };
		333B0D40291412F10039F63E /* DataController.swift in Sources */ = {isa = PBXBuildFile; fileRef = 333B0D3F291412F10039F63E /* DataController.swift */; };
/* End PBXBuildFile section */

/* Begin PBXContainerItemProxy section */
		333B0D082913A35B0039F63E /* PBXContainerItemProxy */ = {
			isa = PBXContainerItemProxy;
			containerPortal = 333B0CE92913A3590039F63E /* Project object */;
			proxyType = 1;
			remoteGlobalIDString = 333B0CF02913A3590039F63E;
			remoteInfo = ToDo;
		};
		333B0D122913A35B0039F63E /* PBXContainerItemProxy */ = {
			isa = PBXContainerItemProxy;
			containerPortal = 333B0CE92913A3590039F63E /* Project object */;
			proxyType = 1;
			remoteGlobalIDString = 333B0CF02913A3590039F63E;
			remoteInfo = ToDo;
		};
/* End PBXContainerItemProxy section */

/* Begin PBXFileReference section */
		333B0CF12913A35A0039F63E /* ToDo.app */ = {isa = PBXFileReference; explicitFileType = wrapper.application; includeInIndex = 0; path = ToDo.app; sourceTree = BUILT_PRODUCTS_DIR; };
		333B0CF42913A35A0039F63E /* ToDoApp.swift */ = {isa = PBXFileReference; lastKnownFileType = sourcecode.swift; path = ToDoApp.swift; sourceTree = "<group>"; };
		333B0CF62913A35A0039F63E /* ContentView.swift */ = {isa = PBXFileReference; lastKnownFileType = sourcecode.swift; path = ContentView.swift; sourceTree = "<group>"; };
		333B0CF82913A35B0039F63E /* Assets.xcassets */ = {isa = PBXFileReference; lastKnownFileType = folder.assetcatalog; path = Assets.xcassets; sourceTree = "<group>"; };
		333B0CFB2913A35B0039F63E /* Preview Assets.xcassets */ = {isa = PBXFileReference; lastKnownFileType = folder.assetcatalog; path = "Preview Assets.xcassets"; sourceTree = "<group>"; };
		333B0CFD2913A35B0039F63E /* Persistence.swift */ = {isa = PBXFileReference; lastKnownFileType = sourcecode.swift; path = Persistence.swift; sourceTree = "<group>"; };
		333B0D002913A35B0039F63E /* ToDo.xcdatamodel */ = {isa = PBXFileReference; lastKnownFileType = wrapper.xcdatamodel; path = ToDo.xcdatamodel; sourceTree = "<group>"; };
		333B0D022913A35B0039F63E /* Info.plist */ = {isa = PBXFileReference; lastKnownFileType = text.plist.xml; path = Info.plist; sourceTree = "<group>"; };
		333B0D072913A35B0039F63E /* ToDoTests.xctest */ = {isa = PBXFileReference; explicitFileType = wrapper.cfbundle; includeInIndex = 0; path = ToDoTests.xctest; sourceTree = BUILT_PRODUCTS_DIR; };
		333B0D0B2913A35B0039F63E /* ToDoTests.swift */ = {isa = PBXFileReference; lastKnownFileType = sourcecode.swift; path = ToDoTests.swift; sourceTree = "<group>"; };
		333B0D112913A35B0039F63E /* ToDoUITests.xctest */ = {isa = PBXFileReference; explicitFileType = wrapper.cfbundle; includeInIndex = 0; path = ToDoUITests.xctest; sourceTree = BUILT_PRODUCTS_DIR; };
		333B0D152913A35B0039F63E /* ToDoUITests.swift */ = {isa = PBXFileReference; lastKnownFileType = sourcecode.swift; path = ToDoUITests.swift; sourceTree = "<group>"; };
		333B0D172913A35B0039F63E /* ToDoUITestsLaunchTests.swift */ = {isa = PBXFileReference; lastKnownFileType = sourcecode.swift; path = ToDoUITestsLaunchTests.swift; sourceTree = "<group>"; };
		333B0D242913A39D0039F63E /* Home.swift */ = {isa = PBXFileReference; lastKnownFileType = sourcecode.swift; path = Home.swift; sourceTree = "<group>"; };
		333B0D272913B64E0039F63E /* ToDoList.swift */ = {isa = PBXFileReference; lastKnownFileType = sourcecode.swift; path = ToDoList.swift; sourceTree = "<group>"; };
		333B0D3C291402300039F63E /* AddItem.swift */ = {isa = PBXFileReference; lastKnownFileType = sourcecode.swift; path = AddItem.swift; sourceTree = "<group>"; };
		333B0D3F291412F10039F63E /* DataController.swift */ = {isa = PBXFileReference; lastKnownFileType = sourcecode.swift; path = DataController.swift; sourceTree = "<group>"; };
/* End PBXFileReference section */

/* Begin PBXFrameworksBuildPhase section */
		333B0CEE2913A3590039F63E /* Frameworks */ = {
			isa = PBXFrameworksBuildPhase;
			buildActionMask = 2147483647;
			files = (
			);
			runOnlyForDeploymentPostprocessing = 0;
		};
		333B0D042913A35B0039F63E /* Frameworks */ = {
			isa = PBXFrameworksBuildPhase;
			buildActionMask = 2147483647;
			files = (
			);
			runOnlyForDeploymentPostprocessing = 0;
		};
		333B0D0E2913A35B0039F63E /* Frameworks */ = {
			isa = PBXFrameworksBuildPhase;
			buildActionMask = 2147483647;
			files = (
			);
			runOnlyForDeploymentPostprocessing = 0;
		};
/* End PBXFrameworksBuildPhase section */

/* Begin PBXGroup section */
		333B0CE82913A3590039F63E = {
			isa = PBXGroup;
			children = (
				333B0CF32913A35A0039F63E /* ToDo */,
				333B0D0A2913A35B0039F63E /* ToDoTests */,
				333B0D142913A35B0039F63E /* ToDoUITests */,
				333B0CF22913A35A0039F63E /* Products */,
			);
			sourceTree = "<group>";
		};
		333B0CF22913A35A0039F63E /* Products */ = {
			isa = PBXGroup;
			children = (
				333B0CF12913A35A0039F63E /* ToDo.app */,
				333B0D072913A35B0039F63E /* ToDoTests.xctest */,
				333B0D112913A35B0039F63E /* ToDoUITests.xctest */,
			);
			name = Products;
			sourceTree = "<group>";
		};
		333B0CF32913A35A0039F63E /* ToDo */ = {
			isa = PBXGroup;
			children = (
				333B0D3E291412B00039F63E /* Controller */,
				333B0D262913B6300039F63E /* View */,
				333B0CF42913A35A0039F63E /* ToDoApp.swift */,
				333B0CF62913A35A0039F63E /* ContentView.swift */,
				333B0CF82913A35B0039F63E /* Assets.xcassets */,
				333B0CFD2913A35B0039F63E /* Persistence.swift */,
				333B0D022913A35B0039F63E /* Info.plist */,
				333B0CFF2913A35B0039F63E /* ToDo.xcdatamodeld */,
				333B0CFA2913A35B0039F63E /* Preview Content */,
			);
			path = ToDo;
			sourceTree = "<group>";
		};
		333B0CFA2913A35B0039F63E /* Preview Content */ = {
			isa = PBXGroup;
			children = (
				333B0CFB2913A35B0039F63E /* Preview Assets.xcassets */,
			);
			path = "Preview Content";
			sourceTree = "<group>";
		};
		333B0D0A2913A35B0039F63E /* ToDoTests */ = {
			isa = PBXGroup;
			children = (
				333B0D0B2913A35B0039F63E /* ToDoTests.swift */,
			);
			path = ToDoTests;
			sourceTree = "<group>";
		};
		333B0D142913A35B0039F63E /* ToDoUITests */ = {
			isa = PBXGroup;
			children = (
				333B0D152913A35B0039F63E /* ToDoUITests.swift */,
				333B0D172913A35B0039F63E /* ToDoUITestsLaunchTests.swift */,
			);
			path = ToDoUITests;
			sourceTree = "<group>";
		};
		333B0D262913B6300039F63E /* View */ = {
			isa = PBXGroup;
			children = (
				333B0D242913A39D0039F63E /* Home.swift */,
				333B0D272913B64E0039F63E /* ToDoList.swift */,
				333B0D3C291402300039F63E /* AddItem.swift */,
			);
			path = View;
			sourceTree = "<group>";
		};
		333B0D3E291412B00039F63E /* Controller */ = {
			isa = PBXGroup;
			children = (
				333B0D3F291412F10039F63E /* DataController.swift */,
			);
			path = Controller;
			sourceTree = "<group>";
		};
/* End PBXGroup section */

/* Begin PBXNativeTarget section */
		333B0CF02913A3590039F63E /* ToDo */ = {
			isa = PBXNativeTarget;
			buildConfigurationList = 333B0D1B2913A35B0039F63E /* Build configuration list for PBXNativeTarget "ToDo" */;
			buildPhases = (
				333B0CED2913A3590039F63E /* Sources */,
				333B0CEE2913A3590039F63E /* Frameworks */,
				333B0CEF2913A3590039F63E /* Resources */,
			);
			buildRules = (
			);
			dependencies = (
			);
			name = ToDo;
			productName = ToDo;
			productReference = 333B0CF12913A35A0039F63E /* ToDo.app */;
			productType = "com.apple.product-type.application";
		};
		333B0D062913A35B0039F63E /* ToDoTests */ = {
			isa = PBXNativeTarget;
			buildConfigurationList = 333B0D1E2913A35B0039F63E /* Build configuration list for PBXNativeTarget "ToDoTests" */;
			buildPhases = (
				333B0D032913A35B0039F63E /* Sources */,
				333B0D042913A35B0039F63E /* Frameworks */,
				333B0D052913A35B0039F63E /* Resources */,
			);
			buildRules = (
			);
			dependencies = (
				333B0D092913A35B0039F63E /* PBXTargetDependency */,
			);
			name = ToDoTests;
			productName = ToDoTests;
			productReference = 333B0D072913A35B0039F63E /* ToDoTests.xctest */;
			productType = "com.apple.product-type.bundle.unit-test";
		};
		333B0D102913A35B0039F63E /* ToDoUITests */ = {
			isa = PBXNativeTarget;
			buildConfigurationList = 333B0D212913A35B0039F63E /* Build configuration list for PBXNativeTarget "ToDoUITests" */;
			buildPhases = (
				333B0D0D2913A35B0039F63E /* Sources */,
				333B0D0E2913A35B0039F63E /* Frameworks */,
				333B0D0F2913A35B0039F63E /* Resources */,
			);
			buildRules = (
			);
			dependencies = (
				333B0D132913A35B0039F63E /* PBXTargetDependency */,
			);
			name = ToDoUITests;
			productName = ToDoUITests;
			productReference = 333B0D112913A35B0039F63E /* ToDoUITests.xctest */;
			productType = "com.apple.product-type.bundle.ui-testing";
		};
/* End PBXNativeTarget section */

/* Begin PBXProject section */
		333B0CE92913A3590039F63E /* Project object */ = {
			isa = PBXProject;
			attributes = {
				BuildIndependentTargetsInParallel = 1;
				LastSwiftUpdateCheck = 1400;
				LastUpgradeCheck = 1400;
				TargetAttributes = {
					333B0CF02913A3590039F63E = {
						CreatedOnToolsVersion = 14.0.1;
					};
					333B0D062913A35B0039F63E = {
						CreatedOnToolsVersion = 14.0.1;
						TestTargetID = 333B0CF02913A3590039F63E;
					};
					333B0D102913A35B0039F63E = {
						CreatedOnToolsVersion = 14.0.1;
						TestTargetID = 333B0CF02913A3590039F63E;
					};
				};
			};
			buildConfigurationList = 333B0CEC2913A3590039F63E /* Build configuration list for PBXProject "ToDo" */;
			compatibilityVersion = "Xcode 14.0";
			developmentRegion = en;
			hasScannedForEncodings = 0;
			knownRegions = (
				en,
				Base,
			);
			mainGroup = 333B0CE82913A3590039F63E;
			productRefGroup = 333B0CF22913A35A0039F63E /* Products */;
			projectDirPath = "";
			projectRoot = "";
			targets = (
				333B0CF02913A3590039F63E /* ToDo */,
				333B0D062913A35B0039F63E /* ToDoTests */,
				333B0D102913A35B0039F63E /* ToDoUITests */,
			);
		};
/* End PBXProject section */

/* Begin PBXResourcesBuildPhase section */
		333B0CEF2913A3590039F63E /* Resources */ = {
			isa = PBXResourcesBuildPhase;
			buildActionMask = 2147483647;
			files = (
				333B0CFC2913A35B0039F63E /* Preview Assets.xcassets in Resources */,
				333B0CF92913A35B0039F63E /* Assets.xcassets in Resources */,
			);
			runOnlyForDeploymentPostprocessing = 0;
		};
		333B0D052913A35B0039F63E /* Resources */ = {
			isa = PBXResourcesBuildPhase;
			buildActionMask = 2147483647;
			files = (
			);
			runOnlyForDeploymentPostprocessing = 0;
		};
		333B0D0F2913A35B0039F63E /* Resources */ = {
			isa = PBXResourcesBuildPhase;
			buildActionMask = 2147483647;
			files = (
			);
			runOnlyForDeploymentPostprocessing = 0;
		};
/* End PBXResourcesBuildPhase section */

/* Begin PBXSourcesBuildPhase section */
		333B0CED2913A3590039F63E /* Sources */ = {
			isa = PBXSourcesBuildPhase;
			buildActionMask = 2147483647;
			files = (
				333B0CFE2913A35B0039F63E /* Persistence.swift in Sources */,
				333B0D282913B64E0039F63E /* ToDoList.swift in Sources */,
				333B0CF72913A35A0039F63E /* ContentView.swift in Sources */,
				333B0D252913A39D0039F63E /* Home.swift in Sources */,
				333B0D3D291402300039F63E /* AddItem.swift in Sources */,
				333B0D40291412F10039F63E /* DataController.swift in Sources */,
				333B0CF52913A35A0039F63E /* ToDoApp.swift in Sources */,
				333B0D012913A35B0039F63E /* ToDo.xcdatamodeld in Sources */,
			);
			runOnlyForDeploymentPostprocessing = 0;
		};
		333B0D032913A35B0039F63E /* Sources */ = {
			isa = PBXSourcesBuildPhase;
			buildActionMask = 2147483647;
			files = (
				333B0D0C2913A35B0039F63E /* ToDoTests.swift in Sources */,
			);
			runOnlyForDeploymentPostprocessing = 0;
		};
		333B0D0D2913A35B0039F63E /* Sources */ = {
			isa = PBXSourcesBuildPhase;
			buildActionMask = 2147483647;
			files = (
				333B0D182913A35B0039F63E /* ToDoUITestsLaunchTests.swift in Sources */,
				333B0D162913A35B0039F63E /* ToDoUITests.swift in Sources */,
			);
			runOnlyForDeploymentPostprocessing = 0;
		};
/* End PBXSourcesBuildPhase section */

/* Begin PBXTargetDependency section */
		333B0D092913A35B0039F63E /* PBXTargetDependency */ = {
			isa = PBXTargetDependency;
			target = 333B0CF02913A3590039F63E /* ToDo */;
			targetProxy = 333B0D082913A35B0039F63E /* PBXContainerItemProxy */;
		};
		333B0D132913A35B0039F63E /* PBXTargetDependency */ = {
			isa = PBXTargetDependency;
			target = 333B0CF02913A3590039F63E /* ToDo */;
			targetProxy = 333B0D122913A35B0039F63E /* PBXContainerItemProxy */;
		};
/* End PBXTargetDependency section */

/* Begin XCBuildConfiguration section */
		333B0D192913A35B0039F63E /* Debug */ = {
			isa = XCBuildConfiguration;
			buildSettings = {
				ALWAYS_SEARCH_USER_PATHS = NO;
				CLANG_ANALYZER_NONNULL = YES;
				CLANG_ANALYZER_NUMBER_OBJECT_CONVERSION = YES_AGGRESSIVE;
				CLANG_CXX_LANGUAGE_STANDARD = "gnu++20";
				CLANG_ENABLE_MODULES = YES;
				CLANG_ENABLE_OBJC_ARC = YES;
				CLANG_ENABLE_OBJC_WEAK = YES;
				CLANG_WARN_BLOCK_CAPTURE_AUTORELEASING = YES;
				CLANG_WARN_BOOL_CONVERSION = YES;
				CLANG_WARN_COMMA = YES;
				CLANG_WARN_CONSTANT_CONVERSION = YES;
				CLANG_WARN_DEPRECATED_OBJC_IMPLEMENTATIONS = YES;
				CLANG_WARN_DIRECT_OBJC_ISA_USAGE = YES_ERROR;
				CLANG_WARN_DOCUMENTATION_COMMENTS = YES;
				CLANG_WARN_EMPTY_BODY = YES;
				CLANG_WARN_ENUM_CONVERSION = YES;
				CLANG_WARN_INFINITE_RECURSION = YES;
				CLANG_WARN_INT_CONVERSION = YES;
				CLANG_WARN_NON_LITERAL_NULL_CONVERSION = YES;
				CLANG_WARN_OBJC_IMPLICIT_RETAIN_SELF = YES;
				CLANG_WARN_OBJC_LITERAL_CONVERSION = YES;
				CLANG_WARN_OBJC_ROOT_CLASS = YES_ERROR;
				CLANG_WARN_QUOTED_INCLUDE_IN_FRAMEWORK_HEADER = YES;
				CLANG_WARN_RANGE_LOOP_ANALYSIS = YES;
				CLANG_WARN_STRICT_PROTOTYPES = YES;
				CLANG_WARN_SUSPICIOUS_MOVE = YES;
				CLANG_WARN_UNGUARDED_AVAILABILITY = YES_AGGRESSIVE;
				CLANG_WARN_UNREACHABLE_CODE = YES;
				CLANG_WARN__DUPLICATE_METHOD_MATCH = YES;
				COPY_PHASE_STRIP = NO;
				DEBUG_INFORMATION_FORMAT = dwarf;
				ENABLE_STRICT_OBJC_MSGSEND = YES;
				ENABLE_TESTABILITY = YES;
				GCC_C_LANGUAGE_STANDARD = gnu11;
				GCC_DYNAMIC_NO_PIC = NO;
				GCC_NO_COMMON_BLOCKS = YES;
				GCC_OPTIMIZATION_LEVEL = 0;
				GCC_PREPROCESSOR_DEFINITIONS = (
					"DEBUG=1",
					"$(inherited)",
				);
				GCC_WARN_64_TO_32_BIT_CONVERSION = YES;
				GCC_WARN_ABOUT_RETURN_TYPE = YES_ERROR;
				GCC_WARN_UNDECLARED_SELECTOR = YES;
				GCC_WARN_UNINITIALIZED_AUTOS = YES_AGGRESSIVE;
				GCC_WARN_UNUSED_FUNCTION = YES;
				GCC_WARN_UNUSED_VARIABLE = YES;
				IPHONEOS_DEPLOYMENT_TARGET = 16.0;
				MTL_ENABLE_DEBUG_INFO = INCLUDE_SOURCE;
				MTL_FAST_MATH = YES;
				ONLY_ACTIVE_ARCH = YES;
				SDKROOT = iphoneos;
				SWIFT_ACTIVE_COMPILATION_CONDITIONS = DEBUG;
				SWIFT_OPTIMIZATION_LEVEL = "-Onone";
			};
			name = Debug;
		};
		333B0D1A2913A35B0039F63E /* Release */ = {
			isa = XCBuildConfiguration;
			buildSettings = {
				ALWAYS_SEARCH_USER_PATHS = NO;
				CLANG_ANALYZER_NONNULL = YES;
				CLANG_ANALYZER_NUMBER_OBJECT_CONVERSION = YES_AGGRESSIVE;
				CLANG_CXX_LANGUAGE_STANDARD = "gnu++20";
				CLANG_ENABLE_MODULES = YES;
				CLANG_ENABLE_OBJC_ARC = YES;
				CLANG_ENABLE_OBJC_WEAK = YES;
				CLANG_WARN_BLOCK_CAPTURE_AUTORELEASING = YES;
				CLANG_WARN_BOOL_CONVERSION = YES;
				CLANG_WARN_COMMA = YES;
				CLANG_WARN_CONSTANT_CONVERSION = YES;
				CLANG_WARN_DEPRECATED_OBJC_IMPLEMENTATIONS = YES;
				CLANG_WARN_DIRECT_OBJC_ISA_USAGE = YES_ERROR;
				CLANG_WARN_DOCUMENTATION_COMMENTS = YES;
				CLANG_WARN_EMPTY_BODY = YES;
				CLANG_WARN_ENUM_CONVERSION = YES;
				CLANG_WARN_INFINITE_RECURSION = YES;
				CLANG_WARN_INT_CONVERSION = YES;
				CLANG_WARN_NON_LITERAL_NULL_CONVERSION = YES;
				CLANG_WARN_OBJC_IMPLICIT_RETAIN_SELF = YES;
				CLANG_WARN_OBJC_LITERAL_CONVERSION = YES;
				CLANG_WARN_OBJC_ROOT_CLASS = YES_ERROR;
				CLANG_WARN_QUOTED_INCLUDE_IN_FRAMEWORK_HEADER = YES;
				CLANG_WARN_RANGE_LOOP_ANALYSIS = YES;
				CLANG_WARN_STRICT_PROTOTYPES = YES;
				CLANG_WARN_SUSPICIOUS_MOVE = YES;
				CLANG_WARN_UNGUARDED_AVAILABILITY = YES_AGGRESSIVE;
				CLANG_WARN_UNREACHABLE_CODE = YES;
				CLANG_WARN__DUPLICATE_METHOD_MATCH = YES;
				COPY_PHASE_STRIP = NO;
				DEBUG_INFORMATION_FORMAT = "dwarf-with-dsym";
				ENABLE_NS_ASSERTIONS = NO;
				ENABLE_STRICT_OBJC_MSGSEND = YES;
				GCC_C_LANGUAGE_STANDARD = gnu11;
				GCC_NO_COMMON_BLOCKS = YES;
				GCC_WARN_64_TO_32_BIT_CONVERSION = YES;
				GCC_WARN_ABOUT_RETURN_TYPE = YES_ERROR;
				GCC_WARN_UNDECLARED_SELECTOR = YES;
				GCC_WARN_UNINITIALIZED_AUTOS = YES_AGGRESSIVE;
				GCC_WARN_UNUSED_FUNCTION = YES;
				GCC_WARN_UNUSED_VARIABLE = YES;
				IPHONEOS_DEPLOYMENT_TARGET = 16.0;
				MTL_ENABLE_DEBUG_INFO = NO;
				MTL_FAST_MATH = YES;
				SDKROOT = iphoneos;
				SWIFT_COMPILATION_MODE = wholemodule;
				SWIFT_OPTIMIZATION_LEVEL = "-O";
				VALIDATE_PRODUCT = YES;
			};
			name = Release;
		};
		333B0D1C2913A35B0039F63E /* Debug */ = {
			isa = XCBuildConfiguration;
			buildSettings = {
				ASSETCATALOG_COMPILER_APPICON_NAME = AppIcon;
				ASSETCATALOG_COMPILER_GLOBAL_ACCENT_COLOR_NAME = AccentColor;
				CODE_SIGN_STYLE = Automatic;
				CURRENT_PROJECT_VERSION = 1;
				DEVELOPMENT_ASSET_PATHS = "\"ToDo/Preview Content\"";
				ENABLE_PREVIEWS = YES;
				GENERATE_INFOPLIST_FILE = YES;
				INFOPLIST_KEY_UIApplicationSceneManifest_Generation = YES;
				INFOPLIST_KEY_UIApplicationSupportsIndirectInputEvents = YES;
				INFOPLIST_KEY_UILaunchScreen_Generation = YES;
				INFOPLIST_KEY_UISupportedInterfaceOrientations_iPad = "UIInterfaceOrientationPortrait UIInterfaceOrientationPortraitUpsideDown UIInterfaceOrientationLandscapeLeft UIInterfaceOrientationLandscapeRight";
				INFOPLIST_KEY_UISupportedInterfaceOrientations_iPhone = "UIInterfaceOrientationPortrait UIInterfaceOrientationLandscapeLeft UIInterfaceOrientationLandscapeRight";
				LD_RUNPATH_SEARCH_PATHS = (
					"$(inherited)",
					"@executable_path/Frameworks",
				);
				MARKETING_VERSION = 1.0;
				PRODUCT_BUNDLE_IDENTIFIER = ileriseviyeswift.ToDo;
				PRODUCT_NAME = "$(TARGET_NAME)";
				SWIFT_EMIT_LOC_STRINGS = YES;
				SWIFT_VERSION = 5.0;
				TARGETED_DEVICE_FAMILY = "1,2";
			};
			name = Debug;
		};
		333B0D1D2913A35B0039F63E /* Release */ = {
			isa = XCBuildConfiguration;
			buildSettings = {
				ASSETCATALOG_COMPILER_APPICON_NAME = AppIcon;
				ASSETCATALOG_COMPILER_GLOBAL_ACCENT_COLOR_NAME = AccentColor;
				CODE_SIGN_STYLE = Automatic;
				CURRENT_PROJECT_VERSION = 1;
				DEVELOPMENT_ASSET_PATHS = "\"ToDo/Preview Content\"";
				ENABLE_PREVIEWS = YES;
				GENERATE_INFOPLIST_FILE = YES;
				INFOPLIST_KEY_UIApplicationSceneManifest_Generation = YES;
				INFOPLIST_KEY_UIApplicationSupportsIndirectInputEvents = YES;
				INFOPLIST_KEY_UILaunchScreen_Generation = YES;
				INFOPLIST_KEY_UISupportedInterfaceOrientations_iPad = "UIInterfaceOrientationPortrait UIInterfaceOrientationPortraitUpsideDown UIInterfaceOrientationLandscapeLeft UIInterfaceOrientationLandscapeRight";
				INFOPLIST_KEY_UISupportedInterfaceOrientations_iPhone = "UIInterfaceOrientationPortrait UIInterfaceOrientationLandscapeLeft UIInterfaceOrientationLandscapeRight";
				LD_RUNPATH_SEARCH_PATHS = (
					"$(inherited)",
					"@executable_path/Frameworks",
				);
				MARKETING_VERSION = 1.0;
				PRODUCT_BUNDLE_IDENTIFIER = ileriseviyeswift.ToDo;
				PRODUCT_NAME = "$(TARGET_NAME)";
				SWIFT_EMIT_LOC_STRINGS = YES;
				SWIFT_VERSION = 5.0;
				TARGETED_DEVICE_FAMILY = "1,2";
			};
			name = Release;
		};
		333B0D1F2913A35B0039F63E /* Debug */ = {
			isa = XCBuildConfiguration;
			buildSettings = {
				ALWAYS_EMBED_SWIFT_STANDARD_LIBRARIES = YES;
				BUNDLE_LOADER = "$(TEST_HOST)";
				CODE_SIGN_STYLE = Automatic;
				CURRENT_PROJECT_VERSION = 1;
				GENERATE_INFOPLIST_FILE = YES;
				IPHONEOS_DEPLOYMENT_TARGET = 16.0;
				MARKETING_VERSION = 1.0;
				PRODUCT_BUNDLE_IDENTIFIER = ileriseviyeswift.ToDoTests;
				PRODUCT_NAME = "$(TARGET_NAME)";
				SWIFT_EMIT_LOC_STRINGS = NO;
				SWIFT_VERSION = 5.0;
				TARGETED_DEVICE_FAMILY = "1,2";
				TEST_HOST = "$(BUILT_PRODUCTS_DIR)/ToDo.app/$(BUNDLE_EXECUTABLE_FOLDER_PATH)/ToDo";
			};
			name = Debug;
		};
		333B0D202913A35B0039F63E /* Release */ = {
			isa = XCBuildConfiguration;
			buildSettings = {
				ALWAYS_EMBED_SWIFT_STANDARD_LIBRARIES = YES;
				BUNDLE_LOADER = "$(TEST_HOST)";
				CODE_SIGN_STYLE = Automatic;
				CURRENT_PROJECT_VERSION = 1;
				GENERATE_INFOPLIST_FILE = YES;
				IPHONEOS_DEPLOYMENT_TARGET = 16.0;
				MARKETING_VERSION = 1.0;
				PRODUCT_BUNDLE_IDENTIFIER = ileriseviyeswift.ToDoTests;
				PRODUCT_NAME = "$(TARGET_NAME)";
				SWIFT_EMIT_LOC_STRINGS = NO;
				SWIFT_VERSION = 5.0;
				TARGETED_DEVICE_FAMILY = "1,2";
				TEST_HOST = "$(BUILT_PRODUCTS_DIR)/ToDo.app/$(BUNDLE_EXECUTABLE_FOLDER_PATH)/ToDo";
			};
			name = Release;
		};
		333B0D222913A35B0039F63E /* Debug */ = {
			isa = XCBuildConfiguration;
			buildSettings = {
				ALWAYS_EMBED_SWIFT_STANDARD_LIBRARIES = YES;
				CODE_SIGN_STYLE = Automatic;
				CURRENT_PROJECT_VERSION = 1;
				GENERATE_INFOPLIST_FILE = YES;
				MARKETING_VERSION = 1.0;
				PRODUCT_BUNDLE_IDENTIFIER = ileriseviyeswift.ToDoUITests;
				PRODUCT_NAME = "$(TARGET_NAME)";
				SWIFT_EMIT_LOC_STRINGS = NO;
				SWIFT_VERSION = 5.0;
				TARGETED_DEVICE_FAMILY = "1,2";
				TEST_TARGET_NAME = ToDo;
			};
			name = Debug;
		};
		333B0D232913A35B0039F63E /* Release */ = {
			isa = XCBuildConfiguration;
			buildSettings = {
				ALWAYS_EMBED_SWIFT_STANDARD_LIBRARIES = YES;
				CODE_SIGN_STYLE = Automatic;
				CURRENT_PROJECT_VERSION = 1;
				GENERATE_INFOPLIST_FILE = YES;
				MARKETING_VERSION = 1.0;
				PRODUCT_BUNDLE_IDENTIFIER = ileriseviyeswift.ToDoUITests;
				PRODUCT_NAME = "$(TARGET_NAME)";
				SWIFT_EMIT_LOC_STRINGS = NO;
				SWIFT_VERSION = 5.0;
				TARGETED_DEVICE_FAMILY = "1,2";
				TEST_TARGET_NAME = ToDo;
			};
			name = Release;
		};
/* End XCBuildConfiguration section */

/* Begin XCConfigurationList section */
		333B0CEC2913A3590039F63E /* Build configuration list for PBXProject "ToDo" */ = {
			isa = XCConfigurationList;
			buildConfigurations = (
				333B0D192913A35B0039F63E /* Debug */,
				333B0D1A2913A35B0039F63E /* Release */,
			);
			defaultConfigurationIsVisible = 0;
			defaultConfigurationName = Release;
		};
		333B0D1B2913A35B0039F63E /* Build configuration list for PBXNativeTarget "ToDo" */ = {
			isa = XCConfigurationList;
			buildConfigurations = (
				333B0D1C2913A35B0039F63E /* Debug */,
				333B0D1D2913A35B0039F63E /* Release */,
			);
			defaultConfigurationIsVisible = 0;
			defaultConfigurationName = Release;
		};
		333B0D1E2913A35B0039F63E /* Build configuration list for PBXNativeTarget "ToDoTests" */ = {
			isa = XCConfigurationList;
			buildConfigurations = (
				333B0D1F2913A35B0039F63E /* Debug */,
				333B0D202913A35B0039F63E /* Release */,
			);
			defaultConfigurationIsVisible = 0;
			defaultConfigurationName = Release;
		};
		333B0D212913A35B0039F63E /* Build configuration list for PBXNativeTarget "ToDoUITests" */ = {
			isa = XCConfigurationList;
			buildConfigurations = (
				333B0D222913A35B0039F63E /* Debug */,
				333B0D232913A35B0039F63E /* Release */,
			);
			defaultConfigurationIsVisible = 0;
			defaultConfigurationName = Release;
		};
/* End XCConfigurationList section */

/* Begin XCVersionGroup section */
		333B0CFF2913A35B0039F63E /* ToDo.xcdatamodeld */ = {
			isa = XCVersionGroup;
			children = (
				333B0D002913A35B0039F63E /* ToDo.xcdatamodel */,
			);
			currentVersion = 333B0D002913A35B0039F63E /* ToDo.xcdatamodel */;
			path = ToDo.xcdatamodeld;
			sourceTree = "<group>";
			versionGroupType = wrapper.xcdatamodel;
		};
/* End XCVersionGroup section */
	};
	rootObject = 333B0CE92913A3590039F63E /* Project object */;
}
